
Microsoft Visual Studio Solution File, Format Version 12.00
Project("{FAE04EC0-301F-11D3-BF4B-00C04F79EFBC}") = "CodeFirst", "CodeFirst\CodeFirst.csproj", "{43897688-031E-4111-9D9F-575FC1F47EF0}"
EndProject
Project("{FAE04EC0-301F-11D3-BF4B-00C04F79EFBC}") = "TechDataLayer", "TechDataLayer\TechDataLayer.csproj", "{A5B0ADE2-A540-423D-8AA3-045A4440A3DF}"
EndProject
Project("{FAE04EC0-301F-11D3-BF4B-00C04F79EFBC}") = "LINQ1", "LINQ1\LINQ1.csproj", "{EF1C04F0-1AE2-48E1-A3DE-42BB662CD516}"
EndProject
Global
	GlobalSection(SolutionConfigurationPlatforms) = preSolution
		Debug|Any CPU = Debug|Any CPU
		Release|Any CPU = Release|Any CPU
	EndGlobalSection
	GlobalSection(ProjectConfigurationPlatforms) = postSolution
		{43897688-031E-4111-9D9F-575FC1F47EF0}.Debug|Any CPU.ActiveCfg = Debug|Any CPU
		{43897688-031E-4111-9D9F-575FC1F47EF0}.Debug|Any CPU.Build.0 = Debug|Any CPU
		{43897688-031E-4111-9D9F-575FC1F47EF0}.Release|Any CPU.ActiveCfg = Release|Any CPU
		{43897688-031E-4111-9D9F-575FC1F47EF0}.Release|Any CPU.Build.0 = Release|Any CPU
		{A5B0ADE2-A540-423D-8AA3-045A4440A3DF}.Debug|Any CPU.ActiveCfg = Debug|Any CPU
		{A5B0ADE2-A540-423D-8AA3-045A4440A3DF}.Debug|Any CPU.Build.0 = Debug|Any CPU
		{A5B0ADE2-A540-423D-8AA3-045A4440A3DF}.Release|Any CPU.ActiveCfg = Release|Any CPU
		{A5B0ADE2-A540-423D-8AA3-045A4440A3DF}.Release|Any CPU.Build.0 = Release|Any CPU
		{EF1C04F0-1AE2-48E1-A3DE-42BB662CD516}.Debug|Any CPU.ActiveCfg = Debug|Any CPU
		{EF1C04F0-1AE2-48E1-A3DE-42BB662CD516}.Debug|Any CPU.Build.0 = Debug|Any CPU
		{EF1C04F0-1AE2-48E1-A3DE-42BB662CD516}.Release|Any CPU.ActiveCfg = Release|Any CPU
		{EF1C04F0-1AE2-48E1-A3DE-42BB662CD516}.Release|Any CPU.Build.0 = Release|Any CPU
	EndGlobalSection
EndGlobal
