
Microsoft Visual Studio Solution File, Format Version 12.00
# Visual Studio Version 17
VisualStudioVersion = 17.8.34330.188
MinimumVisualStudioVersion = 10.0.40219.1
Project("{FAE04EC0-301F-11D3-BF4B-00C04F79EFBC}") = "AsanXidmetProject", "AsanXidmetProject\AsanXidmetProject.csproj", "{152345E9-F5B2-40E5-B0EE-8DAB0DBD4F61}"
EndProject
Global
	GlobalSection(SolutionConfigurationPlatforms) = preSolution
		Debug|Any CPU = Debug|Any CPU
		Release|Any CPU = Release|Any CPU
	EndGlobalSection
	GlobalSection(ProjectConfigurationPlatforms) = postSolution
		{152345E9-F5B2-40E5-B0EE-8DAB0DBD4F61}.Debug|Any CPU.ActiveCfg = Debug|Any CPU
		{152345E9-F5B2-40E5-B0EE-8DAB0DBD4F61}.Debug|Any CPU.Build.0 = Debug|Any CPU
		{152345E9-F5B2-40E5-B0EE-8DAB0DBD4F61}.Release|Any CPU.ActiveCfg = Release|Any CPU
		{152345E9-F5B2-40E5-B0EE-8DAB0DBD4F61}.Release|Any CPU.Build.0 = Release|Any CPU
	EndGlobalSection
	GlobalSection(SolutionProperties) = preSolution
		HideSolutionNode = FALSE
	EndGlobalSection
	GlobalSection(ExtensibilityGlobals) = postSolution
		SolutionGuid = {FAE8DE94-42C6-4A6C-BF7C-BE4FDD6113F7}
	EndGlobalSection
EndGlobal
